<Solution>
  <Folder Name="/src/">
    <Project Path="src/Inventory.Api/Inventory.Api.csproj" />
    <Project Path="src/Inventory.Application/Inventory.Application.csproj" />
    <Project Path="src/Inventory.Domain/Inventory.Domain.csproj" />
    <Project Path="src/Inventory.Infrastructure/Inventory.Infrastructure.csproj" />
  </Folder>
</Solution>
